
Microsoft Visual Studio Solution File, Format Version 12.00
# Visual Studio Version 16
VisualStudioVersion = 16.0.30523.141
MinimumVisualStudioVersion = 10.0.40219.1
Project("{FAE04EC0-301F-11D3-BF4B-00C04F79EFBC}") = "CalculoEstacionamentoApp", "CalculoEstacionamentoApp\CalculoEstacionamentoApp.csproj", "{4FF83E45-AA50-4251-B937-B41C38C4A5CE}"
EndProject
Global
	GlobalSection(SolutionConfigurationPlatforms) = preSolution
		Debug|Any CPU = Debug|Any CPU
		Release|Any CPU = Release|Any CPU
	EndGlobalSection
	GlobalSection(ProjectConfigurationPlatforms) = postSolution
		{4FF83E45-AA50-4251-B937-B41C38C4A5CE}.Debug|Any CPU.ActiveCfg = Debug|Any CPU
		{4FF83E45-AA50-4251-B937-B41C38C4A5CE}.Debug|Any CPU.Build.0 = Debug|Any CPU
		{4FF83E45-AA50-4251-B937-B41C38C4A5CE}.Release|Any CPU.ActiveCfg = Release|Any CPU
		{4FF83E45-AA50-4251-B937-B41C38C4A5CE}.Release|Any CPU.Build.0 = Release|Any CPU
	EndGlobalSection
	GlobalSection(SolutionProperties) = preSolution
		HideSolutionNode = FALSE
	EndGlobalSection
	GlobalSection(ExtensibilityGlobals) = postSolution
		SolutionGuid = {01CF31C3-B8D1-4B5B-B024-6CAC735D8831}
	EndGlobalSection
EndGlobal
